{
  "nodes": {
    "home-manager": {
      "inputs": {
        "nixpkgs": "nixpkgs"
      },
      "locked": {
        "lastModified": 1631051269,
        "narHash": "sha256-ZL5TgMYPpRUWN/GGdJ7gIiYjxaWI+EP8HdFT1GZ+wd0=",
        "owner": "nix-community",
        "repo": "home-manager",
        "rev": "275f39611dc32243842d5818141278b5676653f2",
        "type": "github"
      },
      "original": {
        "owner": "nix-community",
        "repo": "home-manager",
        "type": "github"
      }
    },
    "nixpkgs": {
      "locked": {
        "lastModified": 1631127891,
        "narHash": "sha256-osQLTGIVFZDoBBRNDFkX4yQp0wU/0SUZMJYQBRq3cfg=",
        "owner": "NixOS",
        "repo": "nixpkgs",
        "rev": "40d49815f227c88407c2f450c30dc06a40c8b5de",
        "type": "github"
      },
      "original": {
        "id": "nixpkgs",
        "type": "indirect"
      }
    },
    "nixpkgs_2": {
      "locked": {
        "lastModified": 1630500761,
        "narHash": "sha256-xjEjZro342lUPd5Z/fFwdAX1dMXXZ3tvPGqMpqs0U20=",
        "owner": "nixos",
        "repo": "nixpkgs",
        "rev": "6cc260cfd60f094500b79e279069b499806bf6d8",
        "type": "github"
      },
      "original": {
        "owner": "nixos",
        "ref": "nixpkgs-unstable",
        "repo": "nixpkgs",
        "type": "github"
      }
    },
    "root": {
      "inputs": {
        "home-manager": "home-manager",
        "nixpkgs": "nixpkgs_2",
        "utils": "utils"
      }
    },
    "utils": {
      "locked": {
        "lastModified": 1629481132,
        "narHash": "sha256-JHgasjPR0/J1J3DRm4KxM4zTyAj4IOJY8vIl75v/kPI=",
        "owner": "numtide",
        "repo": "flake-utils",
        "rev": "997f7efcb746a9c140ce1f13c72263189225f482",
        "type": "github"
      },
      "original": {
        "owner": "numtide",
        "repo": "flake-utils",
        "type": "github"
      }
    }
  },
  "root": "root",
  "version": 7
}
